
Microsoft Visual Studio Solution File, Format Version 12.00
# Visual Studio Version 16
VisualStudioVersion = 16.0.31410.357
MinimumVisualStudioVersion = 10.0.40219.1
Project("{FAE04EC0-301F-11D3-BF4B-00C04F79EFBC}") = "RealEstateQuest", "RealEstateQuest\RealEstateQuest.csproj", "{39A65705-F19C-48EA-8D63-F6C170531EE3}"
EndProject
Global
	GlobalSection(SolutionConfigurationPlatforms) = preSolution
		Debug|Any CPU = Debug|Any CPU
		Release|Any CPU = Release|Any CPU
	EndGlobalSection
	GlobalSection(ProjectConfigurationPlatforms) = postSolution
		{39A65705-F19C-48EA-8D63-F6C170531EE3}.Debug|Any CPU.ActiveCfg = Debug|Any CPU
		{39A65705-F19C-48EA-8D63-F6C170531EE3}.Debug|Any CPU.Build.0 = Debug|Any CPU
		{39A65705-F19C-48EA-8D63-F6C170531EE3}.Release|Any CPU.ActiveCfg = Release|Any CPU
		{39A65705-F19C-48EA-8D63-F6C170531EE3}.Release|Any CPU.Build.0 = Release|Any CPU
	EndGlobalSection
	GlobalSection(SolutionProperties) = preSolution
		HideSolutionNode = FALSE
	EndGlobalSection
	GlobalSection(ExtensibilityGlobals) = postSolution
		SolutionGuid = {A1182D06-3B21-4632-8FC0-D9B80B745A60}
	EndGlobalSection
EndGlobal
